
Microsoft Visual Studio Solution File, Format Version 12.00
# Visual Studio Version 16
VisualStudioVersion = 16.0.31005.135
MinimumVisualStudioVersion = 10.0.40219.1
Project("{9A19103F-16F7-4668-BE54-9A1E7A4F7556}") = "DataAccess", "DataAccess\DataAccess.csproj", "{F707DE28-5504-43B2-9001-D79460205E54}"
EndProject
Project("{9A19103F-16F7-4668-BE54-9A1E7A4F7556}") = "Business", "Business\Business.csproj", "{8184BCBD-A9CB-4C42-B598-F00E61FB8388}"
EndProject
Project("{9A19103F-16F7-4668-BE54-9A1E7A4F7556}") = "Entities", "Entities\Entities.csproj", "{27BD0533-4F4F-4F12-9E44-04E5F66F2B78}"
EndProject
Project("{9A19103F-16F7-4668-BE54-9A1E7A4F7556}") = "ConsoleUI", "ConsoleUI\ConsoleUI.csproj", "{00EABC30-B14B-466B-A56B-739B8B57507F}"
EndProject
Project("{FAE04EC0-301F-11D3-BF4B-00C04F79EFBC}") = "Core", "Core\Core.csproj", "{69441DE9-49C7-4806-B216-D3C0C93E19AA}"
EndProject
Global
	GlobalSection(SolutionConfigurationPlatforms) = preSolution
		Debug|Any CPU = Debug|Any CPU
		Release|Any CPU = Release|Any CPU
	EndGlobalSection
	GlobalSection(ProjectConfigurationPlatforms) = postSolution
		{F707DE28-5504-43B2-9001-D79460205E54}.Debug|Any CPU.ActiveCfg = Debug|Any CPU
		{F707DE28-5504-43B2-9001-D79460205E54}.Debug|Any CPU.Build.0 = Debug|Any CPU
		{F707DE28-5504-43B2-9001-D79460205E54}.Release|Any CPU.ActiveCfg = Release|Any CPU
		{F707DE28-5504-43B2-9001-D79460205E54}.Release|Any CPU.Build.0 = Release|Any CPU
		{8184BCBD-A9CB-4C42-B598-F00E61FB8388}.Debug|Any CPU.ActiveCfg = Debug|Any CPU
		{8184BCBD-A9CB-4C42-B598-F00E61FB8388}.Debug|Any CPU.Build.0 = Debug|Any CPU
		{8184BCBD-A9CB-4C42-B598-F00E61FB8388}.Release|Any CPU.ActiveCfg = Release|Any CPU
		{8184BCBD-A9CB-4C42-B598-F00E61FB8388}.Release|Any CPU.Build.0 = Release|Any CPU
		{27BD0533-4F4F-4F12-9E44-04E5F66F2B78}.Debug|Any CPU.ActiveCfg = Debug|Any CPU
		{27BD0533-4F4F-4F12-9E44-04E5F66F2B78}.Debug|Any CPU.Build.0 = Debug|Any CPU
		{27BD0533-4F4F-4F12-9E44-04E5F66F2B78}.Release|Any CPU.ActiveCfg = Release|Any CPU
		{27BD0533-4F4F-4F12-9E44-04E5F66F2B78}.Release|Any CPU.Build.0 = Release|Any CPU
		{00EABC30-B14B-466B-A56B-739B8B57507F}.Debug|Any CPU.ActiveCfg = Debug|Any CPU
		{00EABC30-B14B-466B-A56B-739B8B57507F}.Debug|Any CPU.Build.0 = Debug|Any CPU
		{00EABC30-B14B-466B-A56B-739B8B57507F}.Release|Any CPU.ActiveCfg = Release|Any CPU
		{00EABC30-B14B-466B-A56B-739B8B57507F}.Release|Any CPU.Build.0 = Release|Any CPU
		{69441DE9-49C7-4806-B216-D3C0C93E19AA}.Debug|Any CPU.ActiveCfg = Debug|Any CPU
		{69441DE9-49C7-4806-B216-D3C0C93E19AA}.Debug|Any CPU.Build.0 = Debug|Any CPU
		{69441DE9-49C7-4806-B216-D3C0C93E19AA}.Release|Any CPU.ActiveCfg = Release|Any CPU
		{69441DE9-49C7-4806-B216-D3C0C93E19AA}.Release|Any CPU.Build.0 = Release|Any CPU
	EndGlobalSection
	GlobalSection(SolutionProperties) = preSolution
		HideSolutionNode = FALSE
	EndGlobalSection
	GlobalSection(ExtensibilityGlobals) = postSolution
		SolutionGuid = {1BEE823E-5E55-442A-98EA-606ADE8EE00C}
	EndGlobalSection
EndGlobal
